
Microsoft Visual Studio Solution File, Format Version 12.00
# Visual Studio Version 17
VisualStudioVersion = 17.11.35327.3
MinimumVisualStudioVersion = 10.0.40219.1
Project("{FAE04EC0-301F-11D3-BF4B-00C04F79EFBC}") = "network-access-checker", "network-access-checker.csproj", "{A3041BF9-659A-4920-9382-420D1AE172F4}"
EndProject
Global
	GlobalSection(SolutionConfigurationPlatforms) = preSolution
		Debug|Any CPU = Debug|Any CPU
		Release|Any CPU = Release|Any CPU
	EndGlobalSection
	GlobalSection(ProjectConfigurationPlatforms) = postSolution
		{A3041BF9-659A-4920-9382-420D1AE172F4}.Debug|Any CPU.ActiveCfg = Debug|Any CPU
		{A3041BF9-659A-4920-9382-420D1AE172F4}.Debug|Any CPU.Build.0 = Debug|Any CPU
		{A3041BF9-659A-4920-9382-420D1AE172F4}.Release|Any CPU.ActiveCfg = Release|Any CPU
		{A3041BF9-659A-4920-9382-420D1AE172F4}.Release|Any CPU.Build.0 = Release|Any CPU
	EndGlobalSection
	GlobalSection(SolutionProperties) = preSolution
		HideSolutionNode = FALSE
	EndGlobalSection
	GlobalSection(ExtensibilityGlobals) = postSolution
		SolutionGuid = {32CD5E71-236F-4011-A975-052867213930}
	EndGlobalSection
EndGlobal
